Microsoft Visual Studio Solution File, Format Version 12.00
# Visual Studio Version 17
VisualStudioVersion = 17.5.2.0
MinimumVisualStudioVersion = 10.0.40219.1
Project("{FAE04EC0-301F-11D3-BF4B-00C04F79EFBC}") = "projetoFinal.Servicos", "projetoFinal.Servicos.csproj", "{795DF394-253F-4539-02D2-5D0BE09288E5}"
EndProject
Global
	GlobalSection(SolutionConfigurationPlatforms) = preSolution
		Debug|Any CPU = Debug|Any CPU
		Release|Any CPU = Release|Any CPU
	EndGlobalSection
	GlobalSection(ProjectConfigurationPlatforms) = postSolution
		{795DF394-253F-4539-02D2-5D0BE09288E5}.Debug|Any CPU.ActiveCfg = Debug|Any CPU
		{795DF394-253F-4539-02D2-5D0BE09288E5}.Debug|Any CPU.Build.0 = Debug|Any CPU
		{795DF394-253F-4539-02D2-5D0BE09288E5}.Release|Any CPU.ActiveCfg = Release|Any CPU
		{795DF394-253F-4539-02D2-5D0BE09288E5}.Release|Any CPU.Build.0 = Release|Any CPU
	EndGlobalSection
	GlobalSection(SolutionProperties) = preSolution
		HideSolutionNode = FALSE
	EndGlobalSection
	GlobalSection(ExtensibilityGlobals) = postSolution
		SolutionGuid = {B9BCE7F4-D8B5-4D18-859B-8C0063FB6234}
	EndGlobalSection
EndGlobal
